
Microsoft Visual Studio Solution File, Format Version 12.00
# Visual Studio Version 17
VisualStudioVersion = 17.11.35312.102
MinimumVisualStudioVersion = 10.0.40219.1
Project("{9A19103F-16F7-4668-BE54-9A1E7A4F7556}") = "Lab37", "Lab37\Lab37.csproj", "{8F89290E-2D5F-4ECA-8048-E34398414478}"
EndProject
Global
	GlobalSection(SolutionConfigurationPlatforms) = preSolution
		Debug|Any CPU = Debug|Any CPU
		Release|Any CPU = Release|Any CPU
	EndGlobalSection
	GlobalSection(ProjectConfigurationPlatforms) = postSolution
		{8F89290E-2D5F-4ECA-8048-E34398414478}.Debug|Any CPU.ActiveCfg = Debug|Any CPU
		{8F89290E-2D5F-4ECA-8048-E34398414478}.Debug|Any CPU.Build.0 = Debug|Any CPU
		{8F89290E-2D5F-4ECA-8048-E34398414478}.Release|Any CPU.ActiveCfg = Release|Any CPU
		{8F89290E-2D5F-4ECA-8048-E34398414478}.Release|Any CPU.Build.0 = Release|Any CPU
	EndGlobalSection
	GlobalSection(SolutionProperties) = preSolution
		HideSolutionNode = FALSE
	EndGlobalSection
	GlobalSection(ExtensibilityGlobals) = postSolution
		SolutionGuid = {735CB381-F038-4AA7-B798-7EDF8E8AE382}
	EndGlobalSection
EndGlobal
