
Microsoft Visual Studio Solution File, Format Version 12.00
# Visual Studio Version 17
VisualStudioVersion = 17.11.35312.102
MinimumVisualStudioVersion = 10.0.40219.1
Project("{FAE04EC0-301F-11D3-BF4B-00C04F79EFBC}") = "session06", "session06\session06.csproj", "{B2B2E2F5-181E-4D8B-A612-022195AFDC41}"
EndProject
Global
	GlobalSection(SolutionConfigurationPlatforms) = preSolution
		Debug|Any CPU = Debug|Any CPU
		Release|Any CPU = Release|Any CPU
	EndGlobalSection
	GlobalSection(ProjectConfigurationPlatforms) = postSolution
		{B2B2E2F5-181E-4D8B-A612-022195AFDC41}.Debug|Any CPU.ActiveCfg = Debug|Any CPU
		{B2B2E2F5-181E-4D8B-A612-022195AFDC41}.Debug|Any CPU.Build.0 = Debug|Any CPU
		{B2B2E2F5-181E-4D8B-A612-022195AFDC41}.Release|Any CPU.ActiveCfg = Release|Any CPU
		{B2B2E2F5-181E-4D8B-A612-022195AFDC41}.Release|Any CPU.Build.0 = Release|Any CPU
	EndGlobalSection
	GlobalSection(SolutionProperties) = preSolution
		HideSolutionNode = FALSE
	EndGlobalSection
	GlobalSection(ExtensibilityGlobals) = postSolution
		SolutionGuid = {4329F4F3-1657-4740-920F-4628B33572D4}
	EndGlobalSection
EndGlobal
