
Microsoft Visual Studio Solution File, Format Version 12.00
# Visual Studio Version 17
VisualStudioVersion = 17.11.35312.102
MinimumVisualStudioVersion = 10.0.40219.1
Project("{FAE04EC0-301F-11D3-BF4B-00C04F79EFBC}") = "project mvc", "project mvc\project mvc.csproj", "{FAF3EE1A-DCB6-4966-A832-0CAE04B90949}"
EndProject
Global
	GlobalSection(SolutionConfigurationPlatforms) = preSolution
		Debug|Any CPU = Debug|Any CPU
		Release|Any CPU = Release|Any CPU
	EndGlobalSection
	GlobalSection(ProjectConfigurationPlatforms) = postSolution
		{FAF3EE1A-DCB6-4966-A832-0CAE04B90949}.Debug|Any CPU.ActiveCfg = Debug|Any CPU
		{FAF3EE1A-DCB6-4966-A832-0CAE04B90949}.Debug|Any CPU.Build.0 = Debug|Any CPU
		{FAF3EE1A-DCB6-4966-A832-0CAE04B90949}.Release|Any CPU.ActiveCfg = Release|Any CPU
		{FAF3EE1A-DCB6-4966-A832-0CAE04B90949}.Release|Any CPU.Build.0 = Release|Any CPU
	EndGlobalSection
	GlobalSection(SolutionProperties) = preSolution
		HideSolutionNode = FALSE
	EndGlobalSection
	GlobalSection(ExtensibilityGlobals) = postSolution
		SolutionGuid = {06D291C5-6A63-418F-916A-E0961CCD0E79}
	EndGlobalSection
EndGlobal
