
Microsoft Visual Studio Solution File, Format Version 12.00
# Visual Studio Version 17
VisualStudioVersion = 17.11.35312.102
MinimumVisualStudioVersion = 10.0.40219.1
Project("{FAE04EC0-301F-11D3-BF4B-00C04F79EFBC}") = "lab07", "lab07\lab07.csproj", "{374DD41C-4F36-48D8-9234-D88D7A6815F8}"
EndProject
Global
	GlobalSection(SolutionConfigurationPlatforms) = preSolution
		Debug|Any CPU = Debug|Any CPU
		Release|Any CPU = Release|Any CPU
	EndGlobalSection
	GlobalSection(ProjectConfigurationPlatforms) = postSolution
		{374DD41C-4F36-48D8-9234-D88D7A6815F8}.Debug|Any CPU.ActiveCfg = Debug|Any CPU
		{374DD41C-4F36-48D8-9234-D88D7A6815F8}.Debug|Any CPU.Build.0 = Debug|Any CPU
		{374DD41C-4F36-48D8-9234-D88D7A6815F8}.Release|Any CPU.ActiveCfg = Release|Any CPU
		{374DD41C-4F36-48D8-9234-D88D7A6815F8}.Release|Any CPU.Build.0 = Release|Any CPU
	EndGlobalSection
	GlobalSection(SolutionProperties) = preSolution
		HideSolutionNode = FALSE
	EndGlobalSection
	GlobalSection(ExtensibilityGlobals) = postSolution
		SolutionGuid = {44B96DEB-5900-4FD1-A2CD-47F891E92545}
	EndGlobalSection
EndGlobal
