
Microsoft Visual Studio Solution File, Format Version 12.00
# Visual Studio Version 17
VisualStudioVersion = 17.11.35312.102
MinimumVisualStudioVersion = 10.0.40219.1
Project("{FAE04EC0-301F-11D3-BF4B-00C04F79EFBC}") = "lession05", "lession05\lession05.csproj", "{61F94292-15A3-467D-A2C8-D75D61FC6BE2}"
EndProject
Global
	GlobalSection(SolutionConfigurationPlatforms) = preSolution
		Debug|Any CPU = Debug|Any CPU
		Release|Any CPU = Release|Any CPU
	EndGlobalSection
	GlobalSection(ProjectConfigurationPlatforms) = postSolution
		{61F94292-15A3-467D-A2C8-D75D61FC6BE2}.Debug|Any CPU.ActiveCfg = Debug|Any CPU
		{61F94292-15A3-467D-A2C8-D75D61FC6BE2}.Debug|Any CPU.Build.0 = Debug|Any CPU
		{61F94292-15A3-467D-A2C8-D75D61FC6BE2}.Release|Any CPU.ActiveCfg = Release|Any CPU
		{61F94292-15A3-467D-A2C8-D75D61FC6BE2}.Release|Any CPU.Build.0 = Release|Any CPU
	EndGlobalSection
	GlobalSection(SolutionProperties) = preSolution
		HideSolutionNode = FALSE
	EndGlobalSection
	GlobalSection(ExtensibilityGlobals) = postSolution
		SolutionGuid = {A06D0A3C-1109-4C07-926F-F698AE294E1C}
	EndGlobalSection
EndGlobal
