
Microsoft Visual Studio Solution File, Format Version 12.00
# Visual Studio Version 17
VisualStudioVersion = 17.11.35312.102
MinimumVisualStudioVersion = 10.0.40219.1
Project("{9A19103F-16F7-4668-BE54-9A1E7A4F7556}") = "lab06", "lab06\lab06.csproj", "{B24DB9A1-22F2-49BB-B146-B97B9F27F9EB}"
EndProject
Project("{FAE04EC0-301F-11D3-BF4B-00C04F79EFBC}") = "lab06 code-first", "lab06 code-first\lab06 code-first.csproj", "{79B06B10-8130-4D49-BD0B-C8ED39E2AA69}"
EndProject
Global
	GlobalSection(SolutionConfigurationPlatforms) = preSolution
		Debug|Any CPU = Debug|Any CPU
		Release|Any CPU = Release|Any CPU
	EndGlobalSection
	GlobalSection(ProjectConfigurationPlatforms) = postSolution
		{B24DB9A1-22F2-49BB-B146-B97B9F27F9EB}.Debug|Any CPU.ActiveCfg = Debug|Any CPU
		{B24DB9A1-22F2-49BB-B146-B97B9F27F9EB}.Debug|Any CPU.Build.0 = Debug|Any CPU
		{B24DB9A1-22F2-49BB-B146-B97B9F27F9EB}.Release|Any CPU.ActiveCfg = Release|Any CPU
		{B24DB9A1-22F2-49BB-B146-B97B9F27F9EB}.Release|Any CPU.Build.0 = Release|Any CPU
		{79B06B10-8130-4D49-BD0B-C8ED39E2AA69}.Debug|Any CPU.ActiveCfg = Debug|Any CPU
		{79B06B10-8130-4D49-BD0B-C8ED39E2AA69}.Debug|Any CPU.Build.0 = Debug|Any CPU
		{79B06B10-8130-4D49-BD0B-C8ED39E2AA69}.Release|Any CPU.ActiveCfg = Release|Any CPU
		{79B06B10-8130-4D49-BD0B-C8ED39E2AA69}.Release|Any CPU.Build.0 = Release|Any CPU
	EndGlobalSection
	GlobalSection(SolutionProperties) = preSolution
		HideSolutionNode = FALSE
	EndGlobalSection
	GlobalSection(ExtensibilityGlobals) = postSolution
		SolutionGuid = {60FB256B-F42E-4577-A44B-6572639BA813}
	EndGlobalSection
EndGlobal
